
Microsoft Visual Studio Solution File, Format Version 12.00
Project("{2150E333-8FDC-42A3-9474-1A3956D46DE8}") = "API", "API", "{5DFDCE6F-11DE-41CB-A096-88414C861FB2}"
EndProject
Project("{FAE04EC0-301F-11D3-BF4B-00C04F79EFBC}") = "Tassan.Me.API", "src\Tassan.Me.API\Tassan.Me.API.csproj", "{25C6DE04-D1D7-4BC6-B3AD-6C21915C5378}"
EndProject
Project("{2150E333-8FDC-42A3-9474-1A3956D46DE8}") = "Lambdas", "Lambdas", "{7B8475BC-716C-4521-BF53-F89301ED6C67}"
EndProject
Project("{FAE04EC0-301F-11D3-BF4B-00C04F79EFBC}") = "Tassan.Me.FunctionApp", "src\Tassan.Me.FunctionApp\Tassan.Me.FunctionApp.csproj", "{D4D89FED-4BA6-4DB4-AAF8-215FB03AA688}"
EndProject
Project("{2150E333-8FDC-42A3-9474-1A3956D46DE8}") = "Services", "Services", "{10F8B5E1-88DF-43D9-8A3D-567A3D647BBA}"
EndProject
Project("{2150E333-8FDC-42A3-9474-1A3956D46DE8}") = "Infra", "Infra", "{8E021F25-0E91-4DD0-9502-F0788A273344}"
EndProject
Project("{2150E333-8FDC-42A3-9474-1A3956D46DE8}") = "Domain", "Domain", "{A404B57D-F3FE-4DC0-BFAA-23677F282F50}"
EndProject
Project("{FAE04EC0-301F-11D3-BF4B-00C04F79EFBC}") = "Tassan.Messaging.API", "src\Tassan.Messaging.API\Tassan.Messaging.API.csproj", "{C36FFDD9-E568-45A3-8728-2D1D83E71C7E}"
EndProject
Project("{FAE04EC0-301F-11D3-BF4B-00C04F79EFBC}") = "Tassan.Infra.Azure", "src\Tassan.Infra.Azure\Tassan.Infra.Azure.csproj", "{45E5F1F1-D5FE-44A3-85BA-10A06BB03497}"
EndProject
Project("{FAE04EC0-301F-11D3-BF4B-00C04F79EFBC}") = "Tassan.Domain", "src\Tassan.Domain\Tassan.Domain.csproj", "{20D06076-436F-421A-ACE8-046889F9BE0B}"
EndProject
Global
	GlobalSection(SolutionConfigurationPlatforms) = preSolution
		Debug|Any CPU = Debug|Any CPU
		Release|Any CPU = Release|Any CPU
	EndGlobalSection
	GlobalSection(ProjectConfigurationPlatforms) = postSolution
		{25C6DE04-D1D7-4BC6-B3AD-6C21915C5378}.Debug|Any CPU.ActiveCfg = Debug|Any CPU
		{25C6DE04-D1D7-4BC6-B3AD-6C21915C5378}.Debug|Any CPU.Build.0 = Debug|Any CPU
		{25C6DE04-D1D7-4BC6-B3AD-6C21915C5378}.Release|Any CPU.ActiveCfg = Release|Any CPU
		{25C6DE04-D1D7-4BC6-B3AD-6C21915C5378}.Release|Any CPU.Build.0 = Release|Any CPU
		{D4D89FED-4BA6-4DB4-AAF8-215FB03AA688}.Debug|Any CPU.ActiveCfg = Debug|Any CPU
		{D4D89FED-4BA6-4DB4-AAF8-215FB03AA688}.Debug|Any CPU.Build.0 = Debug|Any CPU
		{D4D89FED-4BA6-4DB4-AAF8-215FB03AA688}.Release|Any CPU.ActiveCfg = Release|Any CPU
		{D4D89FED-4BA6-4DB4-AAF8-215FB03AA688}.Release|Any CPU.Build.0 = Release|Any CPU
		{C36FFDD9-E568-45A3-8728-2D1D83E71C7E}.Debug|Any CPU.ActiveCfg = Debug|Any CPU
		{C36FFDD9-E568-45A3-8728-2D1D83E71C7E}.Debug|Any CPU.Build.0 = Debug|Any CPU
		{C36FFDD9-E568-45A3-8728-2D1D83E71C7E}.Release|Any CPU.ActiveCfg = Release|Any CPU
		{C36FFDD9-E568-45A3-8728-2D1D83E71C7E}.Release|Any CPU.Build.0 = Release|Any CPU
		{45E5F1F1-D5FE-44A3-85BA-10A06BB03497}.Debug|Any CPU.ActiveCfg = Debug|Any CPU
		{45E5F1F1-D5FE-44A3-85BA-10A06BB03497}.Debug|Any CPU.Build.0 = Debug|Any CPU
		{45E5F1F1-D5FE-44A3-85BA-10A06BB03497}.Release|Any CPU.ActiveCfg = Release|Any CPU
		{45E5F1F1-D5FE-44A3-85BA-10A06BB03497}.Release|Any CPU.Build.0 = Release|Any CPU
		{20D06076-436F-421A-ACE8-046889F9BE0B}.Debug|Any CPU.ActiveCfg = Debug|Any CPU
		{20D06076-436F-421A-ACE8-046889F9BE0B}.Debug|Any CPU.Build.0 = Debug|Any CPU
		{20D06076-436F-421A-ACE8-046889F9BE0B}.Release|Any CPU.ActiveCfg = Release|Any CPU
		{20D06076-436F-421A-ACE8-046889F9BE0B}.Release|Any CPU.Build.0 = Release|Any CPU
	EndGlobalSection
	GlobalSection(NestedProjects) = preSolution
		{25C6DE04-D1D7-4BC6-B3AD-6C21915C5378} = {5DFDCE6F-11DE-41CB-A096-88414C861FB2}
		{D4D89FED-4BA6-4DB4-AAF8-215FB03AA688} = {7B8475BC-716C-4521-BF53-F89301ED6C67}
		{C36FFDD9-E568-45A3-8728-2D1D83E71C7E} = {5DFDCE6F-11DE-41CB-A096-88414C861FB2}
		{45E5F1F1-D5FE-44A3-85BA-10A06BB03497} = {8E021F25-0E91-4DD0-9502-F0788A273344}
		{20D06076-436F-421A-ACE8-046889F9BE0B} = {A404B57D-F3FE-4DC0-BFAA-23677F282F50}
	EndGlobalSection
EndGlobal
